
Microsoft Visual Studio Solution File, Format Version 12.00
# Visual Studio Version 17
VisualStudioVersion = 17.8.34525.116
MinimumVisualStudioVersion = 10.0.40219.1
Project("{FAE04EC0-301F-11D3-BF4B-00C04F79EFBC}") = "CarSharingN", "CarSharingN\CarSharingN.csproj", "{0473FDCC-C59F-4F67-9A6E-547AA1F1BB1C}"
EndProject
Global
	GlobalSection(SolutionConfigurationPlatforms) = preSolution
		Debug|Any CPU = Debug|Any CPU
		Release|Any CPU = Release|Any CPU
	EndGlobalSection
	GlobalSection(ProjectConfigurationPlatforms) = postSolution
		{0473FDCC-C59F-4F67-9A6E-547AA1F1BB1C}.Debug|Any CPU.ActiveCfg = Debug|Any CPU
		{0473FDCC-C59F-4F67-9A6E-547AA1F1BB1C}.Debug|Any CPU.Build.0 = Debug|Any CPU
		{0473FDCC-C59F-4F67-9A6E-547AA1F1BB1C}.Debug|Any CPU.Deploy.0 = Debug|Any CPU
		{0473FDCC-C59F-4F67-9A6E-547AA1F1BB1C}.Release|Any CPU.ActiveCfg = Release|Any CPU
		{0473FDCC-C59F-4F67-9A6E-547AA1F1BB1C}.Release|Any CPU.Build.0 = Release|Any CPU
		{0473FDCC-C59F-4F67-9A6E-547AA1F1BB1C}.Release|Any CPU.Deploy.0 = Release|Any CPU
	EndGlobalSection
	GlobalSection(SolutionProperties) = preSolution
		HideSolutionNode = FALSE
	EndGlobalSection
	GlobalSection(ExtensibilityGlobals) = postSolution
		SolutionGuid = {697B43C7-8364-4337-925E-7AB632696593}
	EndGlobalSection
EndGlobal
